
Microsoft Visual Studio Solution File, Format Version 12.00
# Visual Studio Version 18
VisualStudioVersion = 18.0.11018.127
MinimumVisualStudioVersion = 10.0.40219.1
Project("{FAE04EC0-301F-11D3-BF4B-00C04F79EFBC}") = "RSShell", "RSShell\RSShell.csproj", "{234DE96D-2ABE-4BA5-853A-D2F3532FF3B7}"
EndProject
Project("{D954291E-2A0B-460D-934E-DC6B0785DB48}") = "Toolbox", "Toolbox\Toolbox.shproj", "{16333AAF-F723-4375-AD7D-BAF2430E1076}"
EndProject
Project("{FAE04EC0-301F-11D3-BF4B-00C04F79EFBC}") = "Mediavax", "Mediavax\Mediavax.csproj", "{5339025F-BC2E-4517-865A-B6D336B8D7A1}"
EndProject
Project("{FAE04EC0-301F-11D3-BF4B-00C04F79EFBC}") = "CnbRat", "CnbRat\CnbRat.csproj", "{E62928BF-2807-44F5-ABCC-B9B70E41441C}"
EndProject
Project("{FAE04EC0-301F-11D3-BF4B-00C04F79EFBC}") = "Cashly", "Cashly\Cashly.csproj", "{1784310E-9614-4663-B2BF-C4EEA5F383AB}"
EndProject
Global
	GlobalSection(SolutionConfigurationPlatforms) = preSolution
		Debug|Any CPU = Debug|Any CPU
		Debug|x64 = Debug|x64
		Release|Any CPU = Release|Any CPU
		Release|x64 = Release|x64
	EndGlobalSection
	GlobalSection(ProjectConfigurationPlatforms) = postSolution
		{234DE96D-2ABE-4BA5-853A-D2F3532FF3B7}.Debug|Any CPU.ActiveCfg = Debug|Any CPU
		{234DE96D-2ABE-4BA5-853A-D2F3532FF3B7}.Debug|Any CPU.Build.0 = Debug|Any CPU
		{234DE96D-2ABE-4BA5-853A-D2F3532FF3B7}.Debug|x64.ActiveCfg = Debug|x64
		{234DE96D-2ABE-4BA5-853A-D2F3532FF3B7}.Debug|x64.Build.0 = Debug|x64
		{234DE96D-2ABE-4BA5-853A-D2F3532FF3B7}.Release|Any CPU.ActiveCfg = Release|Any CPU
		{234DE96D-2ABE-4BA5-853A-D2F3532FF3B7}.Release|Any CPU.Build.0 = Release|Any CPU
		{234DE96D-2ABE-4BA5-853A-D2F3532FF3B7}.Release|x64.ActiveCfg = Release|x64
		{234DE96D-2ABE-4BA5-853A-D2F3532FF3B7}.Release|x64.Build.0 = Release|x64
		{5339025F-BC2E-4517-865A-B6D336B8D7A1}.Debug|Any CPU.ActiveCfg = Debug|Any CPU
		{5339025F-BC2E-4517-865A-B6D336B8D7A1}.Debug|Any CPU.Build.0 = Debug|Any CPU
		{5339025F-BC2E-4517-865A-B6D336B8D7A1}.Debug|x64.ActiveCfg = Debug|x64
		{5339025F-BC2E-4517-865A-B6D336B8D7A1}.Debug|x64.Build.0 = Debug|x64
		{5339025F-BC2E-4517-865A-B6D336B8D7A1}.Release|Any CPU.ActiveCfg = Release|Any CPU
		{5339025F-BC2E-4517-865A-B6D336B8D7A1}.Release|Any CPU.Build.0 = Release|Any CPU
		{5339025F-BC2E-4517-865A-B6D336B8D7A1}.Release|x64.ActiveCfg = Release|Any CPU
		{5339025F-BC2E-4517-865A-B6D336B8D7A1}.Release|x64.Build.0 = Release|Any CPU
		{E62928BF-2807-44F5-ABCC-B9B70E41441C}.Debug|Any CPU.ActiveCfg = Debug|Any CPU
		{E62928BF-2807-44F5-ABCC-B9B70E41441C}.Debug|Any CPU.Build.0 = Debug|Any CPU
		{E62928BF-2807-44F5-ABCC-B9B70E41441C}.Debug|x64.ActiveCfg = Debug|x64
		{E62928BF-2807-44F5-ABCC-B9B70E41441C}.Debug|x64.Build.0 = Debug|x64
		{E62928BF-2807-44F5-ABCC-B9B70E41441C}.Release|Any CPU.ActiveCfg = Release|Any CPU
		{E62928BF-2807-44F5-ABCC-B9B70E41441C}.Release|Any CPU.Build.0 = Release|Any CPU
		{E62928BF-2807-44F5-ABCC-B9B70E41441C}.Release|x64.ActiveCfg = Release|Any CPU
		{E62928BF-2807-44F5-ABCC-B9B70E41441C}.Release|x64.Build.0 = Release|Any CPU
		{1784310E-9614-4663-B2BF-C4EEA5F383AB}.Debug|Any CPU.ActiveCfg = Debug|Any CPU
		{1784310E-9614-4663-B2BF-C4EEA5F383AB}.Debug|Any CPU.Build.0 = Debug|Any CPU
		{1784310E-9614-4663-B2BF-C4EEA5F383AB}.Debug|x64.ActiveCfg = Debug|x64
		{1784310E-9614-4663-B2BF-C4EEA5F383AB}.Debug|x64.Build.0 = Debug|x64
		{1784310E-9614-4663-B2BF-C4EEA5F383AB}.Release|Any CPU.ActiveCfg = Release|Any CPU
		{1784310E-9614-4663-B2BF-C4EEA5F383AB}.Release|Any CPU.Build.0 = Release|Any CPU
		{1784310E-9614-4663-B2BF-C4EEA5F383AB}.Release|x64.ActiveCfg = Release|Any CPU
		{1784310E-9614-4663-B2BF-C4EEA5F383AB}.Release|x64.Build.0 = Release|Any CPU
	EndGlobalSection
	GlobalSection(SolutionProperties) = preSolution
		HideSolutionNode = FALSE
	EndGlobalSection
	GlobalSection(ExtensibilityGlobals) = postSolution
		SolutionGuid = {73990B9F-7047-498B-AA9B-BDAE97720C97}
	EndGlobalSection
	GlobalSection(SharedMSBuildProjectFiles) = preSolution
		Toolbox\Toolbox.projitems*{16333aaf-f723-4375-ad7d-baf2430e1076}*SharedItemsImports = 13
		Toolbox\Toolbox.projitems*{1784310e-9614-4663-b2bf-c4eea5f383ab}*SharedItemsImports = 5
		Toolbox\Toolbox.projitems*{234de96d-2abe-4ba5-853a-d2f3532ff3b7}*SharedItemsImports = 5
		Toolbox\Toolbox.projitems*{5339025f-bc2e-4517-865a-b6d336b8d7a1}*SharedItemsImports = 5
		Toolbox\Toolbox.projitems*{e62928bf-2807-44f5-abcc-b9b70e41441c}*SharedItemsImports = 5
	EndGlobalSection
EndGlobal
